
Microsoft Visual Studio Solution File, Format Version 11.00
# Visual Studio 2010
Project("{FAE04EC0-301F-11D3-BF4B-00C04F79EFBC}") = "if2k", "if2k\if2k.csproj", "{54371EE6-9085-4AD2-8E8C-2C2910425C69}"
EndProject
Global
	GlobalSection(SolutionConfigurationPlatforms) = preSolution
		Debug|Any CPU = Debug|Any CPU
		Release|Any CPU = Release|Any CPU
	EndGlobalSection
	GlobalSection(ProjectConfigurationPlatforms) = postSolution
		{54371EE6-9085-4AD2-8E8C-2C2910425C69}.Debug|Any CPU.ActiveCfg = Debug|Any CPU
		{54371EE6-9085-4AD2-8E8C-2C2910425C69}.Debug|Any CPU.Build.0 = Debug|Any CPU
		{54371EE6-9085-4AD2-8E8C-2C2910425C69}.Release|Any CPU.ActiveCfg = Release|Any CPU
		{54371EE6-9085-4AD2-8E8C-2C2910425C69}.Release|Any CPU.Build.0 = Release|Any CPU
	EndGlobalSection
	GlobalSection(SolutionProperties) = preSolution
		HideSolutionNode = FALSE
	EndGlobalSection
EndGlobal
